
Microsoft Visual Studio Solution File, Format Version 12.00
# Visual Studio 15
VisualStudioVersion = 15.0.28307.852
MinimumVisualStudioVersion = 10.0.40219.1
Project("{FAE04EC0-301F-11D3-BF4B-00C04F79EFBC}") = "BakeryUnitTests", "BakeryUnitTests.csproj", "{A0F21F77-969E-45E5-B838-AD07F6FE023A}"
EndProject
Global
	GlobalSection(SolutionConfigurationPlatforms) = preSolution
		Debug|Any CPU = Debug|Any CPU
		Release|Any CPU = Release|Any CPU
	EndGlobalSection
	GlobalSection(ProjectConfigurationPlatforms) = postSolution
		{A0F21F77-969E-45E5-B838-AD07F6FE023A}.Debug|Any CPU.ActiveCfg = Debug|Any CPU
		{A0F21F77-969E-45E5-B838-AD07F6FE023A}.Debug|Any CPU.Build.0 = Debug|Any CPU
		{A0F21F77-969E-45E5-B838-AD07F6FE023A}.Release|Any CPU.ActiveCfg = Release|Any CPU
		{A0F21F77-969E-45E5-B838-AD07F6FE023A}.Release|Any CPU.Build.0 = Release|Any CPU
	EndGlobalSection
	GlobalSection(SolutionProperties) = preSolution
		HideSolutionNode = FALSE
	EndGlobalSection
	GlobalSection(ExtensibilityGlobals) = postSolution
		SolutionGuid = {D050B522-9255-45D3-B373-1E4DEFB17C3A}
	EndGlobalSection
EndGlobal
